<Solution>
  <Project Path="CoursesAndStudents/CoursesAndStudents.csproj" />
  <Project Path="EFCore/EFCore.csproj" />
  <Project Path="Exercise_DataSerialization/Exercise_DataSerialization.csproj" />
  <Project Path="Exercise_LinqQueries/Exercise_LinqQueries.csproj" />
  <Project Path="LinqInParallel/LinqInParallel.csproj" />
  <Project Path="LinqWithEFCore/LinqWithEFCore.csproj" />
  <Project Path="LinqWithObjects/LinqWithObjects.csproj" />
  <Project Path="Northwind.Blazor.Services/Northwind.Blazor.Services.csproj" />
  <Project Path="Northwind.Blazor/Northwind.Blazor.Client/Northwind.Blazor.Client.csproj" />
  <Project Path="Northwind.Blazor/Northwind.Blazor/Northwind.Blazor.csproj" />
  <Project Path="Northwind.DataContext/Northwind.DataContext.csproj" />
  <Project Path="Northwind.EntityModels/Northwind.EntityModels.csproj" />
  <Project Path="Northwind.UnitTests/Northwind.UnitTests.csproj" />
  <Project Path="Northwind.WebApi.IntegrationTests/Northwind.WebApi.IntegrationTests.csproj" Id="8565d654-2140-441c-9d02-4d2a97fcc595" />
  <Project Path="Northwind.WebApi.WasmClient/Northwind.WebApi.WasmClient.csproj" />
  <Project Path="Northwind.WebApi/Northwind.WebApi.csproj" />
  <Project Path="PacktLinqExtensions/PacktLinqExtensions.csproj" />
</Solution>
