<Solution>
  <Project Path="Exercise_NumbersAsWordsApp/Exercise_NumbersAsWordsApp.csproj" />
  <Project Path="Exercise_NumbersAsWordsLib/Exercise_NumbersAsWordsLib.csproj" />
  <Project Path="Exercise_NumbersAsWordsTests/Exercise_NumbersAsWordsTests.csproj" />
  <Project Path="Exercise_RegularExpressions/Exercise_RegularExpressions.csproj" />
  <Project Path="Collections/Collections.csproj" />
  <Project Path="NetworkResources/NetworkResources.csproj" />
  <Project Path="Numbers/Numbers.csproj" />
  <Project Path="Ranges/Ranges.csproj" />
  <Project Path="RegularExpressions/RegularExpressions.csproj" />
  <Project Path="Text/Text.csproj" />
</Solution>
